<?xml version="1.0" encoding="utf-8"?>
<Project ToolsVersion="4.0" xmlns="http://schemas.microsoft.com/developer/msbuild/2003">
  <ItemGroup>
    <Filter Include="Headers">
      <UniqueIdentifier>{C196CD9C-2D76-4C38-368E-D70EA2ECB299}</UniqueIdentifier>
    </Filter>
    <Filter Include="Images">
      <UniqueIdentifier>{FBFD12BA-E79F-3D90-D05A-51E4BC9BC4E0}</UniqueIdentifier>
    </Filter>
    <Filter Include="Shaders">
      <UniqueIdentifier>{EFAC8DF2-5B8C-0C8E-64A4-9764D00273EF}</UniqueIdentifier>
    </Filter>
    <Filter Include="Sources">
      <UniqueIdentifier>{89565304-F535-D29F-FE4D-5D766AAC3801}</UniqueIdentifier>
    </Filter>
  </ItemGroup>
  <ItemGroup>
    <ClInclude Include="src\EBO.h">
      <Filter>Headers</Filter>
    </ClInclude>
    <ClInclude Include="src\Texture.h">
      <Filter>Headers</Filter>
    </ClInclude>
    <ClInclude Include="src\VAO.h">
      <Filter>Headers</Filter>
    </ClInclude>
    <ClInclude Include="src\VBO.h">
      <Filter>Headers</Filter>
    </ClInclude>
    <ClInclude Include="src\handleFiles.h">
      <Filter>Headers</Filter>
    </ClInclude>
    <ClInclude Include="src\handleShader.h">
      <Filter>Headers</Filter>
    </ClInclude>
    <ClInclude Include="src\shaderClass.h">
      <Filter>Headers</Filter>
    </ClInclude>
    <ClInclude Include="src\Vertex.h" />
  </ItemGroup>
  <ItemGroup>
    <ClCompile Include="src\EBO.cpp">
      <Filter>Sources</Filter>
    </ClCompile>
    <ClCompile Include="src\Texture.cpp">
      <Filter>Sources</Filter>
    </ClCompile>
    <ClCompile Include="src\VAO.cpp">
      <Filter>Sources</Filter>
    </ClCompile>
    <ClCompile Include="src\VBO.cpp">
      <Filter>Sources</Filter>
    </ClCompile>
    <ClCompile Include="src\glad.c">
      <Filter>Sources</Filter>
    </ClCompile>
    <ClCompile Include="src\handleFiles.cpp">
      <Filter>Sources</Filter>
    </ClCompile>
    <ClCompile Include="src\handleShader.cpp">
      <Filter>Sources</Filter>
    </ClCompile>
    <ClCompile Include="src\main.cpp">
      <Filter>Sources</Filter>
    </ClCompile>
    <ClCompile Include="src\shaderClass.cpp">
      <Filter>Sources</Filter>
    </ClCompile>
    <ClCompile Include="src\stb.cpp">
      <Filter>Sources</Filter>
    </ClCompile>
  </ItemGroup>
  <ItemGroup>
    <None Include="res\shaders\test.shader">
      <Filter>Shaders</Filter>
    </None>
  </ItemGroup>
  <ItemGroup>
    <Image Include="res\images\basic_cube_map.jpg">
      <Filter>Images</Filter>
    </Image>
    <Image Include="res\images\basic_sphere_map.jpg">
      <Filter>Images</Filter>
    </Image>
    <Image Include="res\images\images.jpg">
      <Filter>Images</Filter>
    </Image>
    <Image Include="res\images\silver.png">
      <Filter>Images</Filter>
    </Image>
    <Image Include="res\images\skyshere.jpg">
      <Filter>Images</Filter>
    </Image>
    <Image Include="res\textures\blue_noise.png">
      <Filter>Images</Filter>
    </Image>
    <Image Include="res\textures\brick.png">
      <Filter>Images</Filter>
    </Image>
    <Image Include="res\textures\caution.png">
      <Filter>Images</Filter>
    </Image>
    <Image Include="res\textures\cobble_stone.png">
      <Filter>Images</Filter>
    </Image>
    <Image Include="res\textures\default.png">
      <Filter>Images</Filter>
    </Image>
    <Image Include="res\textures\perlin_noise.png">
      <Filter>Images</Filter>
    </Image>
  </ItemGroup>
</Project>